
Microsoft Visual Studio Solution File, Format Version 12.00
# Visual Studio 15
VisualStudioVersion = 15.0.27703.2026
MinimumVisualStudioVersion = 10.0.40219.1
Project("{8BC9CEB8-8B4A-11D0-8D11-00A0C91BC942}") = "Colony", "Colony\Colony.vcxproj", "{C5DE24E1-3553-4552-B661-051617FB4103}"
EndProject
Project("{8BC9CEB8-8B4A-11D0-8D11-00A0C91BC942}") = "ColonyMapEncoder", "ColonyMapEncoder\ColonyMapEncoder.vcxproj", "{9AA9FAA3-DDFE-4D46-8B70-C52E440E013E}"
EndProject
Global
	GlobalSection(SolutionConfigurationPlatforms) = preSolution
		Debug|x64 = Debug|x64
		Debug|x86 = Debug|x86
		Release|x64 = Release|x64
		Release|x86 = Release|x86
	EndGlobalSection
	GlobalSection(ProjectConfigurationPlatforms) = postSolution
		{C5DE24E1-3553-4552-B661-051617FB4103}.Debug|x64.ActiveCfg = Debug|x64
		{C5DE24E1-3553-4552-B661-051617FB4103}.Debug|x64.Build.0 = Debug|x64
		{C5DE24E1-3553-4552-B661-051617FB4103}.Debug|x86.ActiveCfg = Debug|Win32
		{C5DE24E1-3553-4552-B661-051617FB4103}.Debug|x86.Build.0 = Debug|Win32
		{C5DE24E1-3553-4552-B661-051617FB4103}.Release|x64.ActiveCfg = Release|x64
		{C5DE24E1-3553-4552-B661-051617FB4103}.Release|x64.Build.0 = Release|x64
		{C5DE24E1-3553-4552-B661-051617FB4103}.Release|x86.ActiveCfg = Release|Win32
		{C5DE24E1-3553-4552-B661-051617FB4103}.Release|x86.Build.0 = Release|Win32
		{9AA9FAA3-DDFE-4D46-8B70-C52E440E013E}.Debug|x64.ActiveCfg = Debug|x64
		{9AA9FAA3-DDFE-4D46-8B70-C52E440E013E}.Debug|x64.Build.0 = Debug|x64
		{9AA9FAA3-DDFE-4D46-8B70-C52E440E013E}.Debug|x86.ActiveCfg = Debug|Win32
		{9AA9FAA3-DDFE-4D46-8B70-C52E440E013E}.Debug|x86.Build.0 = Debug|Win32
		{9AA9FAA3-DDFE-4D46-8B70-C52E440E013E}.Release|x64.ActiveCfg = Release|x64
		{9AA9FAA3-DDFE-4D46-8B70-C52E440E013E}.Release|x64.Build.0 = Release|x64
		{9AA9FAA3-DDFE-4D46-8B70-C52E440E013E}.Release|x86.ActiveCfg = Release|Win32
		{9AA9FAA3-DDFE-4D46-8B70-C52E440E013E}.Release|x86.Build.0 = Release|Win32
	EndGlobalSection
	GlobalSection(SolutionProperties) = preSolution
		HideSolutionNode = FALSE
	EndGlobalSection
	GlobalSection(ExtensibilityGlobals) = postSolution
		SolutionGuid = {662712D3-872D-46C3-BC27-305F8D49BB2E}
	EndGlobalSection
EndGlobal
